
Microsoft Visual Studio Solution File, Format Version 12.00
# Visual Studio Version 17
VisualStudioVersion = 17.14.36429.23 d17.14
MinimumVisualStudioVersion = 10.0.40219.1
Project("{FAE04EC0-301F-11D3-BF4B-00C04F79EFBC}") = "CalculoLiquidaciones.Api", "CalculoLiquidaciones.Api\CalculoLiquidaciones.Api.csproj", "{1A35AC56-E854-4C7E-93E6-0F4C5C4D665A}"
EndProject
Project("{FAE04EC0-301F-11D3-BF4B-00C04F79EFBC}") = "CalculoLiquidaciones.Domain", "CalculoLiquidaciones.Domain\CalculoLiquidaciones.Domain.csproj", "{D53E0313-D4B6-4A46-8668-547922BE0654}"
EndProject
Project("{FAE04EC0-301F-11D3-BF4B-00C04F79EFBC}") = "CalculoLiquidaciones.Application", "CalculoLiquidaciones.Application\CalculoLiquidaciones.Application.csproj", "{897814B2-BB5B-4F18-96BE-83A084BCB310}"
EndProject
Project("{FAE04EC0-301F-11D3-BF4B-00C04F79EFBC}") = "CalculoLiquidaciones.Infrastructure", "CalculoLiquidaciones.Infrastructure\CalculoLiquidaciones.Infrastructure.csproj", "{EED9EFEF-3323-44EB-9B82-EC3E81780E84}"
EndProject
Project("{FAE04EC0-301F-11D3-BF4B-00C04F79EFBC}") = "CalculoLiquidaciones.Tests", "CalculoLiquidaciones.Tests\CalculoLiquidaciones.Tests.csproj", "{F5695032-A7CB-40CB-878B-916B7616DD39}"
EndProject
Global
	GlobalSection(SolutionConfigurationPlatforms) = preSolution
		Debug|Any CPU = Debug|Any CPU
		Release|Any CPU = Release|Any CPU
	EndGlobalSection
	GlobalSection(ProjectConfigurationPlatforms) = postSolution
		{1A35AC56-E854-4C7E-93E6-0F4C5C4D665A}.Debug|Any CPU.ActiveCfg = Debug|Any CPU
		{1A35AC56-E854-4C7E-93E6-0F4C5C4D665A}.Debug|Any CPU.Build.0 = Debug|Any CPU
		{1A35AC56-E854-4C7E-93E6-0F4C5C4D665A}.Release|Any CPU.ActiveCfg = Release|Any CPU
		{1A35AC56-E854-4C7E-93E6-0F4C5C4D665A}.Release|Any CPU.Build.0 = Release|Any CPU
		{D53E0313-D4B6-4A46-8668-547922BE0654}.Debug|Any CPU.ActiveCfg = Debug|Any CPU
		{D53E0313-D4B6-4A46-8668-547922BE0654}.Debug|Any CPU.Build.0 = Debug|Any CPU
		{D53E0313-D4B6-4A46-8668-547922BE0654}.Release|Any CPU.ActiveCfg = Release|Any CPU
		{D53E0313-D4B6-4A46-8668-547922BE0654}.Release|Any CPU.Build.0 = Release|Any CPU
		{897814B2-BB5B-4F18-96BE-83A084BCB310}.Debug|Any CPU.ActiveCfg = Debug|Any CPU
		{897814B2-BB5B-4F18-96BE-83A084BCB310}.Debug|Any CPU.Build.0 = Debug|Any CPU
		{897814B2-BB5B-4F18-96BE-83A084BCB310}.Release|Any CPU.ActiveCfg = Release|Any CPU
		{897814B2-BB5B-4F18-96BE-83A084BCB310}.Release|Any CPU.Build.0 = Release|Any CPU
		{EED9EFEF-3323-44EB-9B82-EC3E81780E84}.Debug|Any CPU.ActiveCfg = Debug|Any CPU
		{EED9EFEF-3323-44EB-9B82-EC3E81780E84}.Debug|Any CPU.Build.0 = Debug|Any CPU
		{EED9EFEF-3323-44EB-9B82-EC3E81780E84}.Release|Any CPU.ActiveCfg = Release|Any CPU
		{EED9EFEF-3323-44EB-9B82-EC3E81780E84}.Release|Any CPU.Build.0 = Release|Any CPU
		{F5695032-A7CB-40CB-878B-916B7616DD39}.Debug|Any CPU.ActiveCfg = Debug|Any CPU
		{F5695032-A7CB-40CB-878B-916B7616DD39}.Debug|Any CPU.Build.0 = Debug|Any CPU
		{F5695032-A7CB-40CB-878B-916B7616DD39}.Release|Any CPU.ActiveCfg = Release|Any CPU
		{F5695032-A7CB-40CB-878B-916B7616DD39}.Release|Any CPU.Build.0 = Release|Any CPU
	EndGlobalSection
	GlobalSection(SolutionProperties) = preSolution
		HideSolutionNode = FALSE
	EndGlobalSection
	GlobalSection(ExtensibilityGlobals) = postSolution
		SolutionGuid = {9136D5D7-742B-4A48-9574-B753B99E579F}
	EndGlobalSection
EndGlobal
